
Microsoft Visual Studio Solution File, Format Version 12.00
# Visual Studio 15
Project("{FAE04EC0-301F-11D3-BF4B-00C04F79EFBC}") = "VR Project 1", "Assembly-CSharp.csproj", "{D003A2D1-FA88-89B9-F07F-3CCAFFC32224}"
EndProject
Project("{FAE04EC0-301F-11D3-BF4B-00C04F79EFBC}") = "VR Project 1", "Assembly-CSharp-Editor.csproj", "{2D590DB7-8D21-933E-933C-28B475AEA14A}"
EndProject
Global
	GlobalSection(SolutionConfigurationPlatforms) = preSolution
		Debug|Any CPU = Debug|Any CPU
		Release|Any CPU = Release|Any CPU
	EndGlobalSection
	GlobalSection(ProjectConfigurationPlatforms) = postSolution
		{D003A2D1-FA88-89B9-F07F-3CCAFFC32224}.Debug|Any CPU.ActiveCfg = Debug|Any CPU
		{D003A2D1-FA88-89B9-F07F-3CCAFFC32224}.Debug|Any CPU.Build.0 = Debug|Any CPU
		{D003A2D1-FA88-89B9-F07F-3CCAFFC32224}.Release|Any CPU.ActiveCfg = Release|Any CPU
		{D003A2D1-FA88-89B9-F07F-3CCAFFC32224}.Release|Any CPU.Build.0 = Release|Any CPU
		{2D590DB7-8D21-933E-933C-28B475AEA14A}.Debug|Any CPU.ActiveCfg = Debug|Any CPU
		{2D590DB7-8D21-933E-933C-28B475AEA14A}.Debug|Any CPU.Build.0 = Debug|Any CPU
		{2D590DB7-8D21-933E-933C-28B475AEA14A}.Release|Any CPU.ActiveCfg = Release|Any CPU
		{2D590DB7-8D21-933E-933C-28B475AEA14A}.Release|Any CPU.Build.0 = Release|Any CPU
	EndGlobalSection
	GlobalSection(SolutionProperties) = preSolution
		HideSolutionNode = FALSE
	EndGlobalSection
EndGlobal
